
Microsoft Visual Studio Solution File, Format Version 10.00
# Visual Studio 2008
Project("{FAE04EC0-301F-11D3-BF4B-00C04F79EFBC}") = "Mail", "clsMail\Mail.csproj", "{D7DCE7FF-115F-4907-81BA-82B335C9FA5B}"
EndProject
Project("{54435603-DBB4-11D2-8724-00A0C9A8B90C}") = "Instala DLLMail Only Tech", "clsMail\Instalador\Instala DLLMail Only Tech\Instala DLLMail Only Tech.vdproj", "{7C03C49B-5B22-4283-91EF-F7AC116E4D45}"
EndProject
Project("{FAE04EC0-301F-11D3-BF4B-00C04F79EFBC}") = "TESTA_APLICACAO", "TESTA_APLICACAO\TESTA_APLICACAO.csproj", "{4268FB1F-DD22-4F0F-8EA4-88666A7A5C16}"
EndProject
Global
	GlobalSection(SolutionConfigurationPlatforms) = preSolution
		Debug|Any CPU = Debug|Any CPU
		Release|Any CPU = Release|Any CPU
	EndGlobalSection
	GlobalSection(ProjectConfigurationPlatforms) = postSolution
		{D7DCE7FF-115F-4907-81BA-82B335C9FA5B}.Debug|Any CPU.ActiveCfg = Debug|Any CPU
		{D7DCE7FF-115F-4907-81BA-82B335C9FA5B}.Debug|Any CPU.Build.0 = Debug|Any CPU
		{D7DCE7FF-115F-4907-81BA-82B335C9FA5B}.Release|Any CPU.ActiveCfg = Release|Any CPU
		{D7DCE7FF-115F-4907-81BA-82B335C9FA5B}.Release|Any CPU.Build.0 = Release|Any CPU
		{7C03C49B-5B22-4283-91EF-F7AC116E4D45}.Debug|Any CPU.ActiveCfg = Debug
		{7C03C49B-5B22-4283-91EF-F7AC116E4D45}.Release|Any CPU.ActiveCfg = Release
		{4268FB1F-DD22-4F0F-8EA4-88666A7A5C16}.Debug|Any CPU.ActiveCfg = Debug|Any CPU
		{4268FB1F-DD22-4F0F-8EA4-88666A7A5C16}.Debug|Any CPU.Build.0 = Debug|Any CPU
		{4268FB1F-DD22-4F0F-8EA4-88666A7A5C16}.Release|Any CPU.ActiveCfg = Release|Any CPU
		{4268FB1F-DD22-4F0F-8EA4-88666A7A5C16}.Release|Any CPU.Build.0 = Release|Any CPU
	EndGlobalSection
	GlobalSection(SolutionProperties) = preSolution
		HideSolutionNode = FALSE
	EndGlobalSection
EndGlobal
